
Microsoft Visual Studio Solution File, Format Version 12.00
# Visual Studio Version 17
VisualStudioVersion = 17.0.31903.59
MinimumVisualStudioVersion = 10.0.40219.1
Project("{FAE04EC0-301F-11D3-BF4B-00C04F79EFBC}") = "Proculite.GpioRest", "Proculite.GpioRest\Proculite.GpioRest.csproj", "{909C7E7D-9872-4E35-BE3C-FA4281EC6104}"
EndProject
Global
	GlobalSection(SolutionConfigurationPlatforms) = preSolution
		Debug|Any CPU = Debug|Any CPU
		Release|Any CPU = Release|Any CPU
	EndGlobalSection
	GlobalSection(SolutionProperties) = preSolution
		HideSolutionNode = FALSE
	EndGlobalSection
	GlobalSection(ProjectConfigurationPlatforms) = postSolution
		{909C7E7D-9872-4E35-BE3C-FA4281EC6104}.Debug|Any CPU.ActiveCfg = Debug|Any CPU
		{909C7E7D-9872-4E35-BE3C-FA4281EC6104}.Debug|Any CPU.Build.0 = Debug|Any CPU
		{909C7E7D-9872-4E35-BE3C-FA4281EC6104}.Release|Any CPU.ActiveCfg = Release|Any CPU
		{909C7E7D-9872-4E35-BE3C-FA4281EC6104}.Release|Any CPU.Build.0 = Release|Any CPU
	EndGlobalSection
EndGlobal
